
Microsoft Visual Studio Solution File, Format Version 12.00
# Visual Studio Version 17
VisualStudioVersion = 17.9.34902.65
MinimumVisualStudioVersion = 10.0.40219.1
Project("{9A19103F-16F7-4668-BE54-9A1E7A4F7556}") = "SystemFinder", "SystemFinder\SystemFinder.csproj", "{2CDE5014-F060-4F98-85F0-493A77FBBC74}"
EndProject
Project("{FAE04EC0-301F-11D3-BF4B-00C04F79EFBC}") = "SystemFinder.Utilities", "SystemFinder.Utilities\SystemFinder.Utilities.csproj", "{F78C4930-10C3-42BE-B205-1B00B1FAA09D}"
EndProject
Global
	GlobalSection(SolutionConfigurationPlatforms) = preSolution
		Debug|Any CPU = Debug|Any CPU
		Release|Any CPU = Release|Any CPU
	EndGlobalSection
	GlobalSection(ProjectConfigurationPlatforms) = postSolution
		{2CDE5014-F060-4F98-85F0-493A77FBBC74}.Debug|Any CPU.ActiveCfg = Debug|Any CPU
		{2CDE5014-F060-4F98-85F0-493A77FBBC74}.Debug|Any CPU.Build.0 = Debug|Any CPU
		{2CDE5014-F060-4F98-85F0-493A77FBBC74}.Release|Any CPU.ActiveCfg = Release|Any CPU
		{2CDE5014-F060-4F98-85F0-493A77FBBC74}.Release|Any CPU.Build.0 = Release|Any CPU
		{F78C4930-10C3-42BE-B205-1B00B1FAA09D}.Debug|Any CPU.ActiveCfg = Debug|Any CPU
		{F78C4930-10C3-42BE-B205-1B00B1FAA09D}.Debug|Any CPU.Build.0 = Debug|Any CPU
		{F78C4930-10C3-42BE-B205-1B00B1FAA09D}.Release|Any CPU.ActiveCfg = Release|Any CPU
		{F78C4930-10C3-42BE-B205-1B00B1FAA09D}.Release|Any CPU.Build.0 = Release|Any CPU
	EndGlobalSection
	GlobalSection(SolutionProperties) = preSolution
		HideSolutionNode = FALSE
	EndGlobalSection
	GlobalSection(ExtensibilityGlobals) = postSolution
		SolutionGuid = {9F078AF8-8B22-4287-8CCD-C9FE6B5B93BE}
	EndGlobalSection
EndGlobal
